
Microsoft Visual Studio Solution File, Format Version 12.00
# Visual Studio 2013
VisualStudioVersion = 12.0.31101.0
MinimumVisualStudioVersion = 10.0.40219.1
Project("{FAE04EC0-301F-11D3-BF4B-00C04F79EFBC}") = "Brisket", "Brisket\Brisket.csproj", "{E2BDE8ED-6830-461D-ADC0-1FCB840B0F42}"
EndProject
Project("{FAE04EC0-301F-11D3-BF4B-00C04F79EFBC}") = "Brisket.Tests", "Brisket.Tests\Brisket.Tests.csproj", "{04E20F31-B56D-4887-89AC-69032AA09FA1}"
EndProject
Project("{2150E333-8FDC-42A3-9474-1A3956D46DE8}") = "Solution Items", "Solution Items", "{CB65386A-A3E2-4411-8C3F-6ACC7B11A23A}"
	ProjectSection(SolutionItems) = preProject
		README.md = README.md
	EndProjectSection
EndProject
Global
	GlobalSection(SolutionConfigurationPlatforms) = preSolution
		Debug|Any CPU = Debug|Any CPU
		Release|Any CPU = Release|Any CPU
	EndGlobalSection
	GlobalSection(ProjectConfigurationPlatforms) = postSolution
		{E2BDE8ED-6830-461D-ADC0-1FCB840B0F42}.Debug|Any CPU.ActiveCfg = Debug|Any CPU
		{E2BDE8ED-6830-461D-ADC0-1FCB840B0F42}.Debug|Any CPU.Build.0 = Debug|Any CPU
		{E2BDE8ED-6830-461D-ADC0-1FCB840B0F42}.Release|Any CPU.ActiveCfg = Release|Any CPU
		{E2BDE8ED-6830-461D-ADC0-1FCB840B0F42}.Release|Any CPU.Build.0 = Release|Any CPU
		{04E20F31-B56D-4887-89AC-69032AA09FA1}.Debug|Any CPU.ActiveCfg = Debug|Any CPU
		{04E20F31-B56D-4887-89AC-69032AA09FA1}.Debug|Any CPU.Build.0 = Debug|Any CPU
		{04E20F31-B56D-4887-89AC-69032AA09FA1}.Release|Any CPU.ActiveCfg = Release|Any CPU
		{04E20F31-B56D-4887-89AC-69032AA09FA1}.Release|Any CPU.Build.0 = Release|Any CPU
	EndGlobalSection
	GlobalSection(SolutionProperties) = preSolution
		HideSolutionNode = FALSE
	EndGlobalSection
EndGlobal
